
Microsoft Visual Studio Solution File, Format Version 12.00
# Visual Studio Version 16
VisualStudioVersion = 16.0.31624.102
MinimumVisualStudioVersion = 10.0.40219.1
Project("{9A19103F-16F7-4668-BE54-9A1E7A4F7556}") = "RarityScore", "RarityScore\RarityScore.csproj", "{56788C7B-C04E-42F8-B37D-36BB64A5DA9D}"
EndProject
Project("{2150E333-8FDC-42A3-9474-1A3956D46DE8}") = "ci", "ci", "{4A4A0BA0-6539-4C99-AD79-F93644564D31}"
	ProjectSection(SolutionItems) = preProject
		.github\workflows\gh-pages.yml = .github\workflows\gh-pages.yml
	EndProjectSection
EndProject
Global
	GlobalSection(SolutionConfigurationPlatforms) = preSolution
		Debug|Any CPU = Debug|Any CPU
		Release|Any CPU = Release|Any CPU
	EndGlobalSection
	GlobalSection(ProjectConfigurationPlatforms) = postSolution
		{56788C7B-C04E-42F8-B37D-36BB64A5DA9D}.Debug|Any CPU.ActiveCfg = Debug|Any CPU
		{56788C7B-C04E-42F8-B37D-36BB64A5DA9D}.Debug|Any CPU.Build.0 = Debug|Any CPU
		{56788C7B-C04E-42F8-B37D-36BB64A5DA9D}.Release|Any CPU.ActiveCfg = Release|Any CPU
		{56788C7B-C04E-42F8-B37D-36BB64A5DA9D}.Release|Any CPU.Build.0 = Release|Any CPU
	EndGlobalSection
	GlobalSection(SolutionProperties) = preSolution
		HideSolutionNode = FALSE
	EndGlobalSection
	GlobalSection(ExtensibilityGlobals) = postSolution
		SolutionGuid = {B4639E6A-A7A1-4281-902E-9AC526B7EB66}
	EndGlobalSection
EndGlobal
